
Microsoft Visual Studio Solution File, Format Version 12.00
# Visual Studio Version 17
VisualStudioVersion = 17.4.33213.308
MinimumVisualStudioVersion = 10.0.40219.1
Project("{888888A0-9F3D-457C-B088-3A5042F75D52}") = "CrunchyDL", "CrunchyDL.pyproj", "{70E36716-7676-4576-A00E-4CACE071F8CB}"
EndProject
Global
	GlobalSection(SolutionConfigurationPlatforms) = preSolution
		Debug|Any CPU = Debug|Any CPU
		Release|Any CPU = Release|Any CPU
	EndGlobalSection
	GlobalSection(ProjectConfigurationPlatforms) = postSolution
		{70E36716-7676-4576-A00E-4CACE071F8CB}.Debug|Any CPU.ActiveCfg = Debug|Any CPU
		{70E36716-7676-4576-A00E-4CACE071F8CB}.Release|Any CPU.ActiveCfg = Release|Any CPU
	EndGlobalSection
	GlobalSection(SolutionProperties) = preSolution
		HideSolutionNode = FALSE
	EndGlobalSection
	GlobalSection(ExtensibilityGlobals) = postSolution
		SolutionGuid = {B95036B5-70C8-465D-97DA-E3C1DDD2A4EF}
	EndGlobalSection
EndGlobal
